
Microsoft Visual Studio Solution File, Format Version 12.00
# Visual Studio Version 16
VisualStudioVersion = 16.0.29709.97
MinimumVisualStudioVersion = 10.0.40219.1
Project("{FAE04EC0-301F-11D3-BF4B-00C04F79EFBC}") = "SimplePathSelector", "SimplePathSelector\SimplePathSelector.csproj", "{79C12219-EA1F-4EBA-9D3E-E9B36587DBA3}"
EndProject
Global
	GlobalSection(SolutionConfigurationPlatforms) = preSolution
		Debug|Any CPU = Debug|Any CPU
		Release|Any CPU = Release|Any CPU
	EndGlobalSection
	GlobalSection(ProjectConfigurationPlatforms) = postSolution
		{79C12219-EA1F-4EBA-9D3E-E9B36587DBA3}.Debug|Any CPU.ActiveCfg = Debug|Any CPU
		{79C12219-EA1F-4EBA-9D3E-E9B36587DBA3}.Debug|Any CPU.Build.0 = Debug|Any CPU
		{79C12219-EA1F-4EBA-9D3E-E9B36587DBA3}.Release|Any CPU.ActiveCfg = Release|Any CPU
		{79C12219-EA1F-4EBA-9D3E-E9B36587DBA3}.Release|Any CPU.Build.0 = Release|Any CPU
	EndGlobalSection
	GlobalSection(SolutionProperties) = preSolution
		HideSolutionNode = FALSE
	EndGlobalSection
	GlobalSection(ExtensibilityGlobals) = postSolution
		SolutionGuid = {504B3D8D-D1CD-43EB-B718-914D953FD302}
	EndGlobalSection
EndGlobal
